
Microsoft Visual Studio Solution File, Format Version 12.00
# Visual Studio Version 17
VisualStudioVersion = 17.13.35931.197 d17.13
MinimumVisualStudioVersion = 10.0.40219.1
Project("{8BC9CEB8-8B4A-11D0-8D11-00A0C91BC942}") = "Math-Quizz-Game", "Math-Quizz-Game\Math-Quizz-Game.vcxproj", "{681739FB-0CCA-46BC-B0C5-FD92B6107CA1}"
EndProject
Global
	GlobalSection(SolutionConfigurationPlatforms) = preSolution
		Debug|x64 = Debug|x64
		Debug|x86 = Debug|x86
		Release|x64 = Release|x64
		Release|x86 = Release|x86
	EndGlobalSection
	GlobalSection(ProjectConfigurationPlatforms) = postSolution
		{681739FB-0CCA-46BC-B0C5-FD92B6107CA1}.Debug|x64.ActiveCfg = Debug|x64
		{681739FB-0CCA-46BC-B0C5-FD92B6107CA1}.Debug|x64.Build.0 = Debug|x64
		{681739FB-0CCA-46BC-B0C5-FD92B6107CA1}.Debug|x86.ActiveCfg = Debug|Win32
		{681739FB-0CCA-46BC-B0C5-FD92B6107CA1}.Debug|x86.Build.0 = Debug|Win32
		{681739FB-0CCA-46BC-B0C5-FD92B6107CA1}.Release|x64.ActiveCfg = Release|x64
		{681739FB-0CCA-46BC-B0C5-FD92B6107CA1}.Release|x64.Build.0 = Release|x64
		{681739FB-0CCA-46BC-B0C5-FD92B6107CA1}.Release|x86.ActiveCfg = Release|Win32
		{681739FB-0CCA-46BC-B0C5-FD92B6107CA1}.Release|x86.Build.0 = Release|Win32
	EndGlobalSection
	GlobalSection(SolutionProperties) = preSolution
		HideSolutionNode = FALSE
	EndGlobalSection
	GlobalSection(ExtensibilityGlobals) = postSolution
		SolutionGuid = {98CAA32E-6A29-4385-832B-79120B2A3DE4}
	EndGlobalSection
EndGlobal
